// !$*UTF8*$!
{
	archiveVersion = 1;
	classes = {
	};
	objectVersion = 56;
	objects = {

/* Begin PBXBuildFile section */
		EE0BF16C2ABFA16500B3B689 /* AppDelegate.swift in Sources */ = {isa = PBXBuildFile; fileRef = EE0BF16B2ABFA16500B3B689 /* AppDelegate.swift */; };
		EE0BF16E2ABFA16500B3B689 /* SceneDelegate.swift in Sources */ = {isa = PBXBuildFile; fileRef = EE0BF16D2ABFA16500B3B689 /* SceneDelegate.swift */; };
		EE0BF1702ABFA16500B3B689 /* RMTabBarViewController.swift in Sources */ = {isa = PBXBuildFile; fileRef = EE0BF16F2ABFA16500B3B689 /* RMTabBarViewController.swift */; };
		EE0BF1752ABFA16700B3B689 /* Assets.xcassets in Resources */ = {isa = PBXBuildFile; fileRef = EE0BF1742ABFA16700B3B689 /* Assets.xcassets */; };
		EE0BF1782ABFA16700B3B689 /* LaunchScreen.storyboard in Resources */ = {isa = PBXBuildFile; fileRef = EE0BF1762ABFA16700B3B689 /* LaunchScreen.storyboard */; };
		EE0BF1832ABFA16800B3B689 /* RandomPhotoTests.swift in Sources */ = {isa = PBXBuildFile; fileRef = EE0BF1822ABFA16800B3B689 /* RandomPhotoTests.swift */; };
		EE0BF18D2ABFA16800B3B689 /* RandomPhotoUITests.swift in Sources */ = {isa = PBXBuildFile; fileRef = EE0BF18C2ABFA16800B3B689 /* RandomPhotoUITests.swift */; };
		EE0BF18F2ABFA16800B3B689 /* RandomPhotoUITestsLaunchTests.swift in Sources */ = {isa = PBXBuildFile; fileRef = EE0BF18E2ABFA16800B3B689 /* RandomPhotoUITestsLaunchTests.swift */; };
		EE0BF1A32AC0991800B3B689 /* RMLocation.swift in Sources */ = {isa = PBXBuildFile; fileRef = EE0BF1A22AC0991800B3B689 /* RMLocation.swift */; };
		EE0BF1A52AC0993300B3B689 /* RMCharacter.swift in Sources */ = {isa = PBXBuildFile; fileRef = EE0BF1A42AC0993300B3B689 /* RMCharacter.swift */; };
		EE0BF1A72AC0994C00B3B689 /* RMEpisode.swift in Sources */ = {isa = PBXBuildFile; fileRef = EE0BF1A62AC0994C00B3B689 /* RMEpisode.swift */; };
		EE0BF1AA2AC099D900B3B689 /* RMCharacterViewController.swift in Sources */ = {isa = PBXBuildFile; fileRef = EE0BF1A92AC099D900B3B689 /* RMCharacterViewController.swift */; };
		EE0BF1AC2AC099F200B3B689 /* RMLocationViewController.swift in Sources */ = {isa = PBXBuildFile; fileRef = EE0BF1AB2AC099F200B3B689 /* RMLocationViewController.swift */; };
		EE0BF1AE2AC09A0B00B3B689 /* RMSettingsViewController.swift in Sources */ = {isa = PBXBuildFile; fileRef = EE0BF1AD2AC09A0B00B3B689 /* RMSettingsViewController.swift */; };
		EE0BF1B02AC09A1E00B3B689 /* RMEpisodeViewController.swift in Sources */ = {isa = PBXBuildFile; fileRef = EE0BF1AF2AC09A1E00B3B689 /* RMEpisodeViewController.swift */; };
		EE0BF1B32AC0A63500B3B689 /* RMService.swift in Sources */ = {isa = PBXBuildFile; fileRef = EE0BF1B22AC0A63500B3B689 /* RMService.swift */; };
		EE0BF1B52AC0A64B00B3B689 /* RMRequest.swift in Sources */ = {isa = PBXBuildFile; fileRef = EE0BF1B42AC0A64B00B3B689 /* RMRequest.swift */; };
		EE0BF1B72AC0A74F00B3B689 /* RMEndpoint.swift in Sources */ = {isa = PBXBuildFile; fileRef = EE0BF1B62AC0A74F00B3B689 /* RMEndpoint.swift */; };
		EE0BF1B92AC0AB8800B3B689 /* RMOrigin.swift in Sources */ = {isa = PBXBuildFile; fileRef = EE0BF1B82AC0AB8800B3B689 /* RMOrigin.swift */; };
		EE0BF1BB2AC0AC1700B3B689 /* RMSingleLocation.swift in Sources */ = {isa = PBXBuildFile; fileRef = EE0BF1BA2AC0AC1700B3B689 /* RMSingleLocation.swift */; };
		EE0BF1BD2AC0AFDC00B3B689 /* RMCharacterStatus.swift in Sources */ = {isa = PBXBuildFile; fileRef = EE0BF1BC2AC0AFDC00B3B689 /* RMCharacterStatus.swift */; };
		EE0BF1BF2AC0B04800B3B689 /* RMCharacterGender.swift in Sources */ = {isa = PBXBuildFile; fileRef = EE0BF1BE2AC0B04800B3B689 /* RMCharacterGender.swift */; };
		EE0BF1C32AC0C5C100B3B689 /* GetAllCharactersResponse.swift in Sources */ = {isa = PBXBuildFile; fileRef = EE0BF1C22AC0C5C100B3B689 /* GetAllCharactersResponse.swift */; };
		EE0BF1C52AC0C83800B3B689 /* RMCharacterListViewViewModel.swift in Sources */ = {isa = PBXBuildFile; fileRef = EE0BF1C42AC0C83800B3B689 /* RMCharacterListViewViewModel.swift */; };
		EE0BF1C72AC0C8D300B3B689 /* RMCharacterListView.swift in Sources */ = {isa = PBXBuildFile; fileRef = EE0BF1C62AC0C8D300B3B689 /* RMCharacterListView.swift */; };
		EE0BF1CA2AC0CF5100B3B689 /* Extensions.swift in Sources */ = {isa = PBXBuildFile; fileRef = EE0BF1C92AC0CF5100B3B689 /* Extensions.swift */; };
		EE0BF1CC2AC0D60F00B3B689 /* RMCharacterCollectionViewCell.swift in Sources */ = {isa = PBXBuildFile; fileRef = EE0BF1CB2AC0D60F00B3B689 /* RMCharacterCollectionViewCell.swift */; };
		EE0BF1CE2AC0D7ED00B3B689 /* RMCharacterCollectionViewCellViewModel.swift in Sources */ = {isa = PBXBuildFile; fileRef = EE0BF1CD2AC0D7ED00B3B689 /* RMCharacterCollectionViewCellViewModel.swift */; };
/* End PBXBuildFile section */

/* Begin PBXContainerItemProxy section */
		EE0BF17F2ABFA16800B3B689 /* PBXContainerItemProxy */ = {
			isa = PBXContainerItemProxy;
			containerPortal = EE0BF1602ABFA16500B3B689 /* Project object */;
			proxyType = 1;
			remoteGlobalIDString = EE0BF1672ABFA16500B3B689;
			remoteInfo = RandomPhoto;
		};
		EE0BF1892ABFA16800B3B689 /* PBXContainerItemProxy */ = {
			isa = PBXContainerItemProxy;
			containerPortal = EE0BF1602ABFA16500B3B689 /* Project object */;
			proxyType = 1;
			remoteGlobalIDString = EE0BF1672ABFA16500B3B689;
			remoteInfo = RandomPhoto;
		};
/* End PBXContainerItemProxy section */

/* Begin PBXFileReference section */
		EE0BF1682ABFA16500B3B689 /* RandomPhoto.app */ = {isa = PBXFileReference; explicitFileType = wrapper.application; includeInIndex = 0; path = RandomPhoto.app; sourceTree = BUILT_PRODUCTS_DIR; };
		EE0BF16B2ABFA16500B3B689 /* AppDelegate.swift */ = {isa = PBXFileReference; lastKnownFileType = sourcecode.swift; path = AppDelegate.swift; sourceTree = "<group>"; };
		EE0BF16D2ABFA16500B3B689 /* SceneDelegate.swift */ = {isa = PBXFileReference; lastKnownFileType = sourcecode.swift; path = SceneDelegate.swift; sourceTree = "<group>"; };
		EE0BF16F2ABFA16500B3B689 /* RMTabBarViewController.swift */ = {isa = PBXFileReference; lastKnownFileType = sourcecode.swift; path = RMTabBarViewController.swift; sourceTree = "<group>"; };
		EE0BF1742ABFA16700B3B689 /* Assets.xcassets */ = {isa = PBXFileReference; lastKnownFileType = folder.assetcatalog; path = Assets.xcassets; sourceTree = "<group>"; };
		EE0BF1772ABFA16700B3B689 /* Base */ = {isa = PBXFileReference; lastKnownFileType = file.storyboard; name = Base; path = Base.lproj/LaunchScreen.storyboard; sourceTree = "<group>"; };
		EE0BF1792ABFA16700B3B689 /* Info.plist */ = {isa = PBXFileReference; lastKnownFileType = text.plist.xml; path = Info.plist; sourceTree = "<group>"; };
		EE0BF17E2ABFA16800B3B689 /* RandomPhotoTests.xctest */ = {isa = PBXFileReference; explicitFileType = wrapper.cfbundle; includeInIndex = 0; path = RandomPhotoTests.xctest; sourceTree = BUILT_PRODUCTS_DIR; };
		EE0BF1822ABFA16800B3B689 /* RandomPhotoTests.swift */ = {isa = PBXFileReference; lastKnownFileType = sourcecode.swift; path = RandomPhotoTests.swift; sourceTree = "<group>"; };
		EE0BF1882ABFA16800B3B689 /* RandomPhotoUITests.xctest */ = {isa = PBXFileReference; explicitFileType = wrapper.cfbundle; includeInIndex = 0; path = RandomPhotoUITests.xctest; sourceTree = BUILT_PRODUCTS_DIR; };
		EE0BF18C2ABFA16800B3B689 /* RandomPhotoUITests.swift */ = {isa = PBXFileReference; lastKnownFileType = sourcecode.swift; path = RandomPhotoUITests.swift; sourceTree = "<group>"; };
		EE0BF18E2ABFA16800B3B689 /* RandomPhotoUITestsLaunchTests.swift */ = {isa = PBXFileReference; lastKnownFileType = sourcecode.swift; path = RandomPhotoUITestsLaunchTests.swift; sourceTree = "<group>"; };
		EE0BF1A22AC0991800B3B689 /* RMLocation.swift */ = {isa = PBXFileReference; lastKnownFileType = sourcecode.swift; path = RMLocation.swift; sourceTree = "<group>"; };
		EE0BF1A42AC0993300B3B689 /* RMCharacter.swift */ = {isa = PBXFileReference; lastKnownFileType = sourcecode.swift; path = RMCharacter.swift; sourceTree = "<group>"; };
		EE0BF1A62AC0994C00B3B689 /* RMEpisode.swift */ = {isa = PBXFileReference; lastKnownFileType = sourcecode.swift; path = RMEpisode.swift; sourceTree = "<group>"; };
		EE0BF1A92AC099D900B3B689 /* RMCharacterViewController.swift */ = {isa = PBXFileReference; lastKnownFileType = sourcecode.swift; path = RMCharacterViewController.swift; sourceTree = "<group>"; };
		EE0BF1AB2AC099F200B3B689 /* RMLocationViewController.swift */ = {isa = PBXFileReference; lastKnownFileType = sourcecode.swift; path = RMLocationViewController.swift; sourceTree = "<group>"; };
		EE0BF1AD2AC09A0B00B3B689 /* RMSettingsViewController.swift */ = {isa = PBXFileReference; lastKnownFileType = sourcecode.swift; path = RMSettingsViewController.swift; sourceTree = "<group>"; };
		EE0BF1AF2AC09A1E00B3B689 /* RMEpisodeViewController.swift */ = {isa = PBXFileReference; lastKnownFileType = sourcecode.swift; path = RMEpisodeViewController.swift; sourceTree = "<group>"; };
		EE0BF1B22AC0A63500B3B689 /* RMService.swift */ = {isa = PBXFileReference; lastKnownFileType = sourcecode.swift; path = RMService.swift; sourceTree = "<group>"; };
		EE0BF1B42AC0A64B00B3B689 /* RMRequest.swift */ = {isa = PBXFileReference; lastKnownFileType = sourcecode.swift; path = RMRequest.swift; sourceTree = "<group>"; };
		EE0BF1B62AC0A74F00B3B689 /* RMEndpoint.swift */ = {isa = PBXFileReference; lastKnownFileType = sourcecode.swift; path = RMEndpoint.swift; sourceTree = "<group>"; };
		EE0BF1B82AC0AB8800B3B689 /* RMOrigin.swift */ = {isa = PBXFileReference; lastKnownFileType = sourcecode.swift; path = RMOrigin.swift; sourceTree = "<group>"; };
		EE0BF1BA2AC0AC1700B3B689 /* RMSingleLocation.swift */ = {isa = PBXFileReference; lastKnownFileType = sourcecode.swift; path = RMSingleLocation.swift; sourceTree = "<group>"; };
		EE0BF1BC2AC0AFDC00B3B689 /* RMCharacterStatus.swift */ = {isa = PBXFileReference; lastKnownFileType = sourcecode.swift; path = RMCharacterStatus.swift; sourceTree = "<group>"; };
		EE0BF1BE2AC0B04800B3B689 /* RMCharacterGender.swift */ = {isa = PBXFileReference; lastKnownFileType = sourcecode.swift; path = RMCharacterGender.swift; sourceTree = "<group>"; };
		EE0BF1C22AC0C5C100B3B689 /* GetAllCharactersResponse.swift */ = {isa = PBXFileReference; lastKnownFileType = sourcecode.swift; path = GetAllCharactersResponse.swift; sourceTree = "<group>"; };
		EE0BF1C42AC0C83800B3B689 /* RMCharacterListViewViewModel.swift */ = {isa = PBXFileReference; lastKnownFileType = sourcecode.swift; path = RMCharacterListViewViewModel.swift; sourceTree = "<group>"; };
		EE0BF1C62AC0C8D300B3B689 /* RMCharacterListView.swift */ = {isa = PBXFileReference; lastKnownFileType = sourcecode.swift; path = RMCharacterListView.swift; sourceTree = "<group>"; };
		EE0BF1C92AC0CF5100B3B689 /* Extensions.swift */ = {isa = PBXFileReference; lastKnownFileType = sourcecode.swift; path = Extensions.swift; sourceTree = "<group>"; };
		EE0BF1CB2AC0D60F00B3B689 /* RMCharacterCollectionViewCell.swift */ = {isa = PBXFileReference; lastKnownFileType = sourcecode.swift; path = RMCharacterCollectionViewCell.swift; sourceTree = "<group>"; };
		EE0BF1CD2AC0D7ED00B3B689 /* RMCharacterCollectionViewCellViewModel.swift */ = {isa = PBXFileReference; lastKnownFileType = sourcecode.swift; path = RMCharacterCollectionViewCellViewModel.swift; sourceTree = "<group>"; };
/* End PBXFileReference section */

/* Begin PBXFrameworksBuildPhase section */
		EE0BF1652ABFA16500B3B689 /* Frameworks */ = {
			isa = PBXFrameworksBuildPhase;
			buildActionMask = 2147483647;
			files = (
			);
			runOnlyForDeploymentPostprocessing = 0;
		};
		EE0BF17B2ABFA16800B3B689 /* Frameworks */ = {
			isa = PBXFrameworksBuildPhase;
			buildActionMask = 2147483647;
			files = (
			);
			runOnlyForDeploymentPostprocessing = 0;
		};
		EE0BF1852ABFA16800B3B689 /* Frameworks */ = {
			isa = PBXFrameworksBuildPhase;
			buildActionMask = 2147483647;
			files = (
			);
			runOnlyForDeploymentPostprocessing = 0;
		};
/* End PBXFrameworksBuildPhase section */

/* Begin PBXGroup section */
		EE0BF15F2ABFA16500B3B689 = {
			isa = PBXGroup;
			children = (
				EE0BF16A2ABFA16500B3B689 /* RandomPhoto */,
				EE0BF1812ABFA16800B3B689 /* RandomPhotoTests */,
				EE0BF18B2ABFA16800B3B689 /* RandomPhotoUITests */,
				EE0BF1692ABFA16500B3B689 /* Products */,
			);
			sourceTree = "<group>";
		};
		EE0BF1692ABFA16500B3B689 /* Products */ = {
			isa = PBXGroup;
			children = (
				EE0BF1682ABFA16500B3B689 /* RandomPhoto.app */,
				EE0BF17E2ABFA16800B3B689 /* RandomPhotoTests.xctest */,
				EE0BF1882ABFA16800B3B689 /* RandomPhotoUITests.xctest */,
			);
			name = Products;
			sourceTree = "<group>";
		};
		EE0BF16A2ABFA16500B3B689 /* RandomPhoto */ = {
			isa = PBXGroup;
			children = (
				EE0BF1A12AC0987E00B3B689 /* Resources */,
				EE0BF1A02AC0987300B3B689 /* Managers */,
				EE0BF19F2AC0985E00B3B689 /* APIClient */,
				EE0BF19E2AC0985500B3B689 /* ViewModels */,
				EE0BF19D2AC0984600B3B689 /* Views */,
				EE0BF19C2AC0983900B3B689 /* Models */,
				EE0BF19B2AC0983000B3B689 /* Controllers */,
				EE0BF1792ABFA16700B3B689 /* Info.plist */,
			);
			path = RandomPhoto;
			sourceTree = "<group>";
		};
		EE0BF1812ABFA16800B3B689 /* RandomPhotoTests */ = {
			isa = PBXGroup;
			children = (
				EE0BF1822ABFA16800B3B689 /* RandomPhotoTests.swift */,
			);
			path = RandomPhotoTests;
			sourceTree = "<group>";
		};
		EE0BF18B2ABFA16800B3B689 /* RandomPhotoUITests */ = {
			isa = PBXGroup;
			children = (
				EE0BF18C2ABFA16800B3B689 /* RandomPhotoUITests.swift */,
				EE0BF18E2ABFA16800B3B689 /* RandomPhotoUITestsLaunchTests.swift */,
			);
			path = RandomPhotoUITests;
			sourceTree = "<group>";
		};
		EE0BF19B2AC0983000B3B689 /* Controllers */ = {
			isa = PBXGroup;
			children = (
				EE0BF1A82AC0999300B3B689 /* Core */,
			);
			path = Controllers;
			sourceTree = "<group>";
		};
		EE0BF19C2AC0983900B3B689 /* Models */ = {
			isa = PBXGroup;
			children = (
				EE0BF1C12AC0C4F200B3B689 /* APIResponseTypes */,
				EE0BF1C02AC0C4D700B3B689 /* DataTypes */,
			);
			path = Models;
			sourceTree = "<group>";
		};
		EE0BF19D2AC0984600B3B689 /* Views */ = {
			isa = PBXGroup;
			children = (
				EE0BF1C62AC0C8D300B3B689 /* RMCharacterListView.swift */,
				EE0BF1CB2AC0D60F00B3B689 /* RMCharacterCollectionViewCell.swift */,
			);
			path = Views;
			sourceTree = "<group>";
		};
		EE0BF19E2AC0985500B3B689 /* ViewModels */ = {
			isa = PBXGroup;
			children = (
				EE0BF1C42AC0C83800B3B689 /* RMCharacterListViewViewModel.swift */,
				EE0BF1CD2AC0D7ED00B3B689 /* RMCharacterCollectionViewCellViewModel.swift */,
			);
			path = ViewModels;
			sourceTree = "<group>";
		};
		EE0BF19F2AC0985E00B3B689 /* APIClient */ = {
			isa = PBXGroup;
			children = (
				EE0BF1B22AC0A63500B3B689 /* RMService.swift */,
				EE0BF1B42AC0A64B00B3B689 /* RMRequest.swift */,
				EE0BF1B62AC0A74F00B3B689 /* RMEndpoint.swift */,
			);
			path = APIClient;
			sourceTree = "<group>";
		};
		EE0BF1A02AC0987300B3B689 /* Managers */ = {
			isa = PBXGroup;
			children = (
			);
			path = Managers;
			sourceTree = "<group>";
		};
		EE0BF1A12AC0987E00B3B689 /* Resources */ = {
			isa = PBXGroup;
			children = (
				EE0BF16B2ABFA16500B3B689 /* AppDelegate.swift */,
				EE0BF16D2ABFA16500B3B689 /* SceneDelegate.swift */,
				EE0BF1742ABFA16700B3B689 /* Assets.xcassets */,
				EE0BF1762ABFA16700B3B689 /* LaunchScreen.storyboard */,
				EE0BF1C92AC0CF5100B3B689 /* Extensions.swift */,
			);
			path = Resources;
			sourceTree = "<group>";
		};
		EE0BF1A82AC0999300B3B689 /* Core */ = {
			isa = PBXGroup;
			children = (
				EE0BF16F2ABFA16500B3B689 /* RMTabBarViewController.swift */,
				EE0BF1A92AC099D900B3B689 /* RMCharacterViewController.swift */,
				EE0BF1AB2AC099F200B3B689 /* RMLocationViewController.swift */,
				EE0BF1AD2AC09A0B00B3B689 /* RMSettingsViewController.swift */,
				EE0BF1AF2AC09A1E00B3B689 /* RMEpisodeViewController.swift */,
			);
			path = Core;
			sourceTree = "<group>";
		};
		EE0BF1C02AC0C4D700B3B689 /* DataTypes */ = {
			isa = PBXGroup;
			children = (
				EE0BF1A22AC0991800B3B689 /* RMLocation.swift */,
				EE0BF1A42AC0993300B3B689 /* RMCharacter.swift */,
				EE0BF1A62AC0994C00B3B689 /* RMEpisode.swift */,
				EE0BF1B82AC0AB8800B3B689 /* RMOrigin.swift */,
				EE0BF1BA2AC0AC1700B3B689 /* RMSingleLocation.swift */,
				EE0BF1BC2AC0AFDC00B3B689 /* RMCharacterStatus.swift */,
				EE0BF1BE2AC0B04800B3B689 /* RMCharacterGender.swift */,
			);
			path = DataTypes;
			sourceTree = "<group>";
		};
		EE0BF1C12AC0C4F200B3B689 /* APIResponseTypes */ = {
			isa = PBXGroup;
			children = (
				EE0BF1C22AC0C5C100B3B689 /* GetAllCharactersResponse.swift */,
			);
			path = APIResponseTypes;
			sourceTree = "<group>";
		};
/* End PBXGroup section */

/* Begin PBXNativeTarget section */
		EE0BF1672ABFA16500B3B689 /* RandomPhoto */ = {
			isa = PBXNativeTarget;
			buildConfigurationList = EE0BF1922ABFA16800B3B689 /* Build configuration list for PBXNativeTarget "RandomPhoto" */;
			buildPhases = (
				EE0BF1642ABFA16500B3B689 /* Sources */,
				EE0BF1652ABFA16500B3B689 /* Frameworks */,
				EE0BF1662ABFA16500B3B689 /* Resources */,
			);
			buildRules = (
			);
			dependencies = (
			);
			name = RandomPhoto;
			productName = RandomPhoto;
			productReference = EE0BF1682ABFA16500B3B689 /* RandomPhoto.app */;
			productType = "com.apple.product-type.application";
		};
		EE0BF17D2ABFA16800B3B689 /* RandomPhotoTests */ = {
			isa = PBXNativeTarget;
			buildConfigurationList = EE0BF1952ABFA16800B3B689 /* Build configuration list for PBXNativeTarget "RandomPhotoTests" */;
			buildPhases = (
				EE0BF17A2ABFA16800B3B689 /* Sources */,
				EE0BF17B2ABFA16800B3B689 /* Frameworks */,
				EE0BF17C2ABFA16800B3B689 /* Resources */,
			);
			buildRules = (
			);
			dependencies = (
				EE0BF1802ABFA16800B3B689 /* PBXTargetDependency */,
			);
			name = RandomPhotoTests;
			productName = RandomPhotoTests;
			productReference = EE0BF17E2ABFA16800B3B689 /* RandomPhotoTests.xctest */;
			productType = "com.apple.product-type.bundle.unit-test";
		};
		EE0BF1872ABFA16800B3B689 /* RandomPhotoUITests */ = {
			isa = PBXNativeTarget;
			buildConfigurationList = EE0BF1982ABFA16800B3B689 /* Build configuration list for PBXNativeTarget "RandomPhotoUITests" */;
			buildPhases = (
				EE0BF1842ABFA16800B3B689 /* Sources */,
				EE0BF1852ABFA16800B3B689 /* Frameworks */,
				EE0BF1862ABFA16800B3B689 /* Resources */,
			);
			buildRules = (
			);
			dependencies = (
				EE0BF18A2ABFA16800B3B689 /* PBXTargetDependency */,
			);
			name = RandomPhotoUITests;
			productName = RandomPhotoUITests;
			productReference = EE0BF1882ABFA16800B3B689 /* RandomPhotoUITests.xctest */;
			productType = "com.apple.product-type.bundle.ui-testing";
		};
/* End PBXNativeTarget section */

/* Begin PBXProject section */
		EE0BF1602ABFA16500B3B689 /* Project object */ = {
			isa = PBXProject;
			attributes = {
				BuildIndependentTargetsInParallel = 1;
				LastSwiftUpdateCheck = 1420;
				LastUpgradeCheck = 1420;
				TargetAttributes = {
					EE0BF1672ABFA16500B3B689 = {
						CreatedOnToolsVersion = 14.2;
					};
					EE0BF17D2ABFA16800B3B689 = {
						CreatedOnToolsVersion = 14.2;
						TestTargetID = EE0BF1672ABFA16500B3B689;
					};
					EE0BF1872ABFA16800B3B689 = {
						CreatedOnToolsVersion = 14.2;
						TestTargetID = EE0BF1672ABFA16500B3B689;
					};
				};
			};
			buildConfigurationList = EE0BF1632ABFA16500B3B689 /* Build configuration list for PBXProject "RandomPhoto" */;
			compatibilityVersion = "Xcode 14.0";
			developmentRegion = en;
			hasScannedForEncodings = 0;
			knownRegions = (
				en,
				Base,
			);
			mainGroup = EE0BF15F2ABFA16500B3B689;
			productRefGroup = EE0BF1692ABFA16500B3B689 /* Products */;
			projectDirPath = "";
			projectRoot = "";
			targets = (
				EE0BF1672ABFA16500B3B689 /* RandomPhoto */,
				EE0BF17D2ABFA16800B3B689 /* RandomPhotoTests */,
				EE0BF1872ABFA16800B3B689 /* RandomPhotoUITests */,
			);
		};
/* End PBXProject section */

/* Begin PBXResourcesBuildPhase section */
		EE0BF1662ABFA16500B3B689 /* Resources */ = {
			isa = PBXResourcesBuildPhase;
			buildActionMask = 2147483647;
			files = (
				EE0BF1782ABFA16700B3B689 /* LaunchScreen.storyboard in Resources */,
				EE0BF1752ABFA16700B3B689 /* Assets.xcassets in Resources */,
			);
			runOnlyForDeploymentPostprocessing = 0;
		};
		EE0BF17C2ABFA16800B3B689 /* Resources */ = {
			isa = PBXResourcesBuildPhase;
			buildActionMask = 2147483647;
			files = (
			);
			runOnlyForDeploymentPostprocessing = 0;
		};
		EE0BF1862ABFA16800B3B689 /* Resources */ = {
			isa = PBXResourcesBuildPhase;
			buildActionMask = 2147483647;
			files = (
			);
			runOnlyForDeploymentPostprocessing = 0;
		};
/* End PBXResourcesBuildPhase section */

/* Begin PBXSourcesBuildPhase section */
		EE0BF1642ABFA16500B3B689 /* Sources */ = {
			isa = PBXSourcesBuildPhase;
			buildActionMask = 2147483647;
			files = (
				EE0BF1B92AC0AB8800B3B689 /* RMOrigin.swift in Sources */,
				EE0BF1BB2AC0AC1700B3B689 /* RMSingleLocation.swift in Sources */,
				EE0BF1C72AC0C8D300B3B689 /* RMCharacterListView.swift in Sources */,
				EE0BF1BD2AC0AFDC00B3B689 /* RMCharacterStatus.swift in Sources */,
				EE0BF1BF2AC0B04800B3B689 /* RMCharacterGender.swift in Sources */,
				EE0BF1AE2AC09A0B00B3B689 /* RMSettingsViewController.swift in Sources */,
				EE0BF1C32AC0C5C100B3B689 /* GetAllCharactersResponse.swift in Sources */,
				EE0BF1AC2AC099F200B3B689 /* RMLocationViewController.swift in Sources */,
				EE0BF1A72AC0994C00B3B689 /* RMEpisode.swift in Sources */,
				EE0BF1CC2AC0D60F00B3B689 /* RMCharacterCollectionViewCell.swift in Sources */,
				EE0BF1B02AC09A1E00B3B689 /* RMEpisodeViewController.swift in Sources */,
				EE0BF1702ABFA16500B3B689 /* RMTabBarViewController.swift in Sources */,
				EE0BF16C2ABFA16500B3B689 /* AppDelegate.swift in Sources */,
				EE0BF16E2ABFA16500B3B689 /* SceneDelegate.swift in Sources */,
				EE0BF1CA2AC0CF5100B3B689 /* Extensions.swift in Sources */,
				EE0BF1B72AC0A74F00B3B689 /* RMEndpoint.swift in Sources */,
				EE0BF1B32AC0A63500B3B689 /* RMService.swift in Sources */,
				EE0BF1A32AC0991800B3B689 /* RMLocation.swift in Sources */,
				EE0BF1A52AC0993300B3B689 /* RMCharacter.swift in Sources */,
				EE0BF1CE2AC0D7ED00B3B689 /* RMCharacterCollectionViewCellViewModel.swift in Sources */,
				EE0BF1B52AC0A64B00B3B689 /* RMRequest.swift in Sources */,
				EE0BF1C52AC0C83800B3B689 /* RMCharacterListViewViewModel.swift in Sources */,
				EE0BF1AA2AC099D900B3B689 /* RMCharacterViewController.swift in Sources */,
			);
			runOnlyForDeploymentPostprocessing = 0;
		};
		EE0BF17A2ABFA16800B3B689 /* Sources */ = {
			isa = PBXSourcesBuildPhase;
			buildActionMask = 2147483647;
			files = (
				EE0BF1832ABFA16800B3B689 /* RandomPhotoTests.swift in Sources */,
			);
			runOnlyForDeploymentPostprocessing = 0;
		};
		EE0BF1842ABFA16800B3B689 /* Sources */ = {
			isa = PBXSourcesBuildPhase;
			buildActionMask = 2147483647;
			files = (
				EE0BF18F2ABFA16800B3B689 /* RandomPhotoUITestsLaunchTests.swift in Sources */,
				EE0BF18D2ABFA16800B3B689 /* RandomPhotoUITests.swift in Sources */,
			);
			runOnlyForDeploymentPostprocessing = 0;
		};
/* End PBXSourcesBuildPhase section */

/* Begin PBXTargetDependency section */
		EE0BF1802ABFA16800B3B689 /* PBXTargetDependency */ = {
			isa = PBXTargetDependency;
			target = EE0BF1672ABFA16500B3B689 /* RandomPhoto */;
			targetProxy = EE0BF17F2ABFA16800B3B689 /* PBXContainerItemProxy */;
		};
		EE0BF18A2ABFA16800B3B689 /* PBXTargetDependency */ = {
			isa = PBXTargetDependency;
			target = EE0BF1672ABFA16500B3B689 /* RandomPhoto */;
			targetProxy = EE0BF1892ABFA16800B3B689 /* PBXContainerItemProxy */;
		};
/* End PBXTargetDependency section */

/* Begin PBXVariantGroup section */
		EE0BF1762ABFA16700B3B689 /* LaunchScreen.storyboard */ = {
			isa = PBXVariantGroup;
			children = (
				EE0BF1772ABFA16700B3B689 /* Base */,
			);
			name = LaunchScreen.storyboard;
			sourceTree = "<group>";
		};
/* End PBXVariantGroup section */

/* Begin XCBuildConfiguration section */
		EE0BF1902ABFA16800B3B689 /* Debug */ = {
			isa = XCBuildConfiguration;
			buildSettings = {
				ALWAYS_SEARCH_USER_PATHS = NO;
				CLANG_ANALYZER_NONNULL = YES;
				CLANG_ANALYZER_NUMBER_OBJECT_CONVERSION = YES_AGGRESSIVE;
				CLANG_CXX_LANGUAGE_STANDARD = "gnu++20";
				CLANG_ENABLE_MODULES = YES;
				CLANG_ENABLE_OBJC_ARC = YES;
				CLANG_ENABLE_OBJC_WEAK = YES;
				CLANG_WARN_BLOCK_CAPTURE_AUTORELEASING = YES;
				CLANG_WARN_BOOL_CONVERSION = YES;
				CLANG_WARN_COMMA = YES;
				CLANG_WARN_CONSTANT_CONVERSION = YES;
				CLANG_WARN_DEPRECATED_OBJC_IMPLEMENTATIONS = YES;
				CLANG_WARN_DIRECT_OBJC_ISA_USAGE = YES_ERROR;
				CLANG_WARN_DOCUMENTATION_COMMENTS = YES;
				CLANG_WARN_EMPTY_BODY = YES;
				CLANG_WARN_ENUM_CONVERSION = YES;
				CLANG_WARN_INFINITE_RECURSION = YES;
				CLANG_WARN_INT_CONVERSION = YES;
				CLANG_WARN_NON_LITERAL_NULL_CONVERSION = YES;
				CLANG_WARN_OBJC_IMPLICIT_RETAIN_SELF = YES;
				CLANG_WARN_OBJC_LITERAL_CONVERSION = YES;
				CLANG_WARN_OBJC_ROOT_CLASS = YES_ERROR;
				CLANG_WARN_QUOTED_INCLUDE_IN_FRAMEWORK_HEADER = YES;
				CLANG_WARN_RANGE_LOOP_ANALYSIS = YES;
				CLANG_WARN_STRICT_PROTOTYPES = YES;
				CLANG_WARN_SUSPICIOUS_MOVE = YES;
				CLANG_WARN_UNGUARDED_AVAILABILITY = YES_AGGRESSIVE;
				CLANG_WARN_UNREACHABLE_CODE = YES;
				CLANG_WARN__DUPLICATE_METHOD_MATCH = YES;
				COPY_PHASE_STRIP = NO;
				DEBUG_INFORMATION_FORMAT = dwarf;
				ENABLE_STRICT_OBJC_MSGSEND = YES;
				ENABLE_TESTABILITY = YES;
				GCC_C_LANGUAGE_STANDARD = gnu11;
				GCC_DYNAMIC_NO_PIC = NO;
				GCC_NO_COMMON_BLOCKS = YES;
				GCC_OPTIMIZATION_LEVEL = 0;
				GCC_PREPROCESSOR_DEFINITIONS = (
					"DEBUG=1",
					"$(inherited)",
				);
				GCC_WARN_64_TO_32_BIT_CONVERSION = YES;
				GCC_WARN_ABOUT_RETURN_TYPE = YES_ERROR;
				GCC_WARN_UNDECLARED_SELECTOR = YES;
				GCC_WARN_UNINITIALIZED_AUTOS = YES_AGGRESSIVE;
				GCC_WARN_UNUSED_FUNCTION = YES;
				GCC_WARN_UNUSED_VARIABLE = YES;
				IPHONEOS_DEPLOYMENT_TARGET = 16.2;
				MTL_ENABLE_DEBUG_INFO = INCLUDE_SOURCE;
				MTL_FAST_MATH = YES;
				ONLY_ACTIVE_ARCH = YES;
				SDKROOT = iphoneos;
				SWIFT_ACTIVE_COMPILATION_CONDITIONS = DEBUG;
				SWIFT_OPTIMIZATION_LEVEL = "-Onone";
			};
			name = Debug;
		};
		EE0BF1912ABFA16800B3B689 /* Release */ = {
			isa = XCBuildConfiguration;
			buildSettings = {
				ALWAYS_SEARCH_USER_PATHS = NO;
				CLANG_ANALYZER_NONNULL = YES;
				CLANG_ANALYZER_NUMBER_OBJECT_CONVERSION = YES_AGGRESSIVE;
				CLANG_CXX_LANGUAGE_STANDARD = "gnu++20";
				CLANG_ENABLE_MODULES = YES;
				CLANG_ENABLE_OBJC_ARC = YES;
				CLANG_ENABLE_OBJC_WEAK = YES;
				CLANG_WARN_BLOCK_CAPTURE_AUTORELEASING = YES;
				CLANG_WARN_BOOL_CONVERSION = YES;
				CLANG_WARN_COMMA = YES;
				CLANG_WARN_CONSTANT_CONVERSION = YES;
				CLANG_WARN_DEPRECATED_OBJC_IMPLEMENTATIONS = YES;
				CLANG_WARN_DIRECT_OBJC_ISA_USAGE = YES_ERROR;
				CLANG_WARN_DOCUMENTATION_COMMENTS = YES;
				CLANG_WARN_EMPTY_BODY = YES;
				CLANG_WARN_ENUM_CONVERSION = YES;
				CLANG_WARN_INFINITE_RECURSION = YES;
				CLANG_WARN_INT_CONVERSION = YES;
				CLANG_WARN_NON_LITERAL_NULL_CONVERSION = YES;
				CLANG_WARN_OBJC_IMPLICIT_RETAIN_SELF = YES;
				CLANG_WARN_OBJC_LITERAL_CONVERSION = YES;
				CLANG_WARN_OBJC_ROOT_CLASS = YES_ERROR;
				CLANG_WARN_QUOTED_INCLUDE_IN_FRAMEWORK_HEADER = YES;
				CLANG_WARN_RANGE_LOOP_ANALYSIS = YES;
				CLANG_WARN_STRICT_PROTOTYPES = YES;
				CLANG_WARN_SUSPICIOUS_MOVE = YES;
				CLANG_WARN_UNGUARDED_AVAILABILITY = YES_AGGRESSIVE;
				CLANG_WARN_UNREACHABLE_CODE = YES;
				CLANG_WARN__DUPLICATE_METHOD_MATCH = YES;
				COPY_PHASE_STRIP = NO;
				DEBUG_INFORMATION_FORMAT = "dwarf-with-dsym";
				ENABLE_NS_ASSERTIONS = NO;
				ENABLE_STRICT_OBJC_MSGSEND = YES;
				GCC_C_LANGUAGE_STANDARD = gnu11;
				GCC_NO_COMMON_BLOCKS = YES;
				GCC_WARN_64_TO_32_BIT_CONVERSION = YES;
				GCC_WARN_ABOUT_RETURN_TYPE = YES_ERROR;
				GCC_WARN_UNDECLARED_SELECTOR = YES;
				GCC_WARN_UNINITIALIZED_AUTOS = YES_AGGRESSIVE;
				GCC_WARN_UNUSED_FUNCTION = YES;
				GCC_WARN_UNUSED_VARIABLE = YES;
				IPHONEOS_DEPLOYMENT_TARGET = 16.2;
				MTL_ENABLE_DEBUG_INFO = NO;
				MTL_FAST_MATH = YES;
				SDKROOT = iphoneos;
				SWIFT_COMPILATION_MODE = wholemodule;
				SWIFT_OPTIMIZATION_LEVEL = "-O";
				VALIDATE_PRODUCT = YES;
			};
			name = Release;
		};
		EE0BF1932ABFA16800B3B689 /* Debug */ = {
			isa = XCBuildConfiguration;
			buildSettings = {
				ASSETCATALOG_COMPILER_APPICON_NAME = AppIcon;
				ASSETCATALOG_COMPILER_GLOBAL_ACCENT_COLOR_NAME = AccentColor;
				CODE_SIGN_STYLE = Automatic;
				CURRENT_PROJECT_VERSION = 1;
				GENERATE_INFOPLIST_FILE = YES;
				INFOPLIST_FILE = RandomPhoto/Info.plist;
				INFOPLIST_KEY_UIApplicationSupportsIndirectInputEvents = YES;
				INFOPLIST_KEY_UILaunchStoryboardName = LaunchScreen;
				INFOPLIST_KEY_UISupportedInterfaceOrientations_iPad = "UIInterfaceOrientationPortrait UIInterfaceOrientationPortraitUpsideDown UIInterfaceOrientationLandscapeLeft UIInterfaceOrientationLandscapeRight";
				INFOPLIST_KEY_UISupportedInterfaceOrientations_iPhone = "UIInterfaceOrientationPortrait UIInterfaceOrientationLandscapeLeft UIInterfaceOrientationLandscapeRight";
				LD_RUNPATH_SEARCH_PATHS = (
					"$(inherited)",
					"@executable_path/Frameworks",
				);
				MARKETING_VERSION = 1.0;
				PRODUCT_BUNDLE_IDENTIFIER = pentabit.RandomPhoto;
				PRODUCT_NAME = "$(TARGET_NAME)";
				SWIFT_EMIT_LOC_STRINGS = YES;
				SWIFT_VERSION = 5.0;
				TARGETED_DEVICE_FAMILY = "1,2";
			};
			name = Debug;
		};
		EE0BF1942ABFA16800B3B689 /* Release */ = {
			isa = XCBuildConfiguration;
			buildSettings = {
				ASSETCATALOG_COMPILER_APPICON_NAME = AppIcon;
				ASSETCATALOG_COMPILER_GLOBAL_ACCENT_COLOR_NAME = AccentColor;
				CODE_SIGN_STYLE = Automatic;
				CURRENT_PROJECT_VERSION = 1;
				GENERATE_INFOPLIST_FILE = YES;
				INFOPLIST_FILE = RandomPhoto/Info.plist;
				INFOPLIST_KEY_UIApplicationSupportsIndirectInputEvents = YES;
				INFOPLIST_KEY_UILaunchStoryboardName = LaunchScreen;
				INFOPLIST_KEY_UISupportedInterfaceOrientations_iPad = "UIInterfaceOrientationPortrait UIInterfaceOrientationPortraitUpsideDown UIInterfaceOrientationLandscapeLeft UIInterfaceOrientationLandscapeRight";
				INFOPLIST_KEY_UISupportedInterfaceOrientations_iPhone = "UIInterfaceOrientationPortrait UIInterfaceOrientationLandscapeLeft UIInterfaceOrientationLandscapeRight";
				LD_RUNPATH_SEARCH_PATHS = (
					"$(inherited)",
					"@executable_path/Frameworks",
				);
				MARKETING_VERSION = 1.0;
				PRODUCT_BUNDLE_IDENTIFIER = pentabit.RandomPhoto;
				PRODUCT_NAME = "$(TARGET_NAME)";
				SWIFT_EMIT_LOC_STRINGS = YES;
				SWIFT_VERSION = 5.0;
				TARGETED_DEVICE_FAMILY = "1,2";
			};
			name = Release;
		};
		EE0BF1962ABFA16800B3B689 /* Debug */ = {
			isa = XCBuildConfiguration;
			buildSettings = {
				ALWAYS_EMBED_SWIFT_STANDARD_LIBRARIES = YES;
				BUNDLE_LOADER = "$(TEST_HOST)";
				CODE_SIGN_STYLE = Automatic;
				CURRENT_PROJECT_VERSION = 1;
				GENERATE_INFOPLIST_FILE = YES;
				IPHONEOS_DEPLOYMENT_TARGET = 16.2;
				MARKETING_VERSION = 1.0;
				PRODUCT_BUNDLE_IDENTIFIER = pentabit.RandomPhotoTests;
				PRODUCT_NAME = "$(TARGET_NAME)";
				SWIFT_EMIT_LOC_STRINGS = NO;
				SWIFT_VERSION = 5.0;
				TARGETED_DEVICE_FAMILY = "1,2";
				TEST_HOST = "$(BUILT_PRODUCTS_DIR)/RandomPhoto.app/$(BUNDLE_EXECUTABLE_FOLDER_PATH)/RandomPhoto";
			};
			name = Debug;
		};
		EE0BF1972ABFA16800B3B689 /* Release */ = {
			isa = XCBuildConfiguration;
			buildSettings = {
				ALWAYS_EMBED_SWIFT_STANDARD_LIBRARIES = YES;
				BUNDLE_LOADER = "$(TEST_HOST)";
				CODE_SIGN_STYLE = Automatic;
				CURRENT_PROJECT_VERSION = 1;
				GENERATE_INFOPLIST_FILE = YES;
				IPHONEOS_DEPLOYMENT_TARGET = 16.2;
				MARKETING_VERSION = 1.0;
				PRODUCT_BUNDLE_IDENTIFIER = pentabit.RandomPhotoTests;
				PRODUCT_NAME = "$(TARGET_NAME)";
				SWIFT_EMIT_LOC_STRINGS = NO;
				SWIFT_VERSION = 5.0;
				TARGETED_DEVICE_FAMILY = "1,2";
				TEST_HOST = "$(BUILT_PRODUCTS_DIR)/RandomPhoto.app/$(BUNDLE_EXECUTABLE_FOLDER_PATH)/RandomPhoto";
			};
			name = Release;
		};
		EE0BF1992ABFA16800B3B689 /* Debug */ = {
			isa = XCBuildConfiguration;
			buildSettings = {
				ALWAYS_EMBED_SWIFT_STANDARD_LIBRARIES = YES;
				CODE_SIGN_STYLE = Automatic;
				CURRENT_PROJECT_VERSION = 1;
				GENERATE_INFOPLIST_FILE = YES;
				MARKETING_VERSION = 1.0;
				PRODUCT_BUNDLE_IDENTIFIER = pentabit.RandomPhotoUITests;
				PRODUCT_NAME = "$(TARGET_NAME)";
				SWIFT_EMIT_LOC_STRINGS = NO;
				SWIFT_VERSION = 5.0;
				TARGETED_DEVICE_FAMILY = "1,2";
				TEST_TARGET_NAME = RandomPhoto;
			};
			name = Debug;
		};
		EE0BF19A2ABFA16800B3B689 /* Release */ = {
			isa = XCBuildConfiguration;
			buildSettings = {
				ALWAYS_EMBED_SWIFT_STANDARD_LIBRARIES = YES;
				CODE_SIGN_STYLE = Automatic;
				CURRENT_PROJECT_VERSION = 1;
				GENERATE_INFOPLIST_FILE = YES;
				MARKETING_VERSION = 1.0;
				PRODUCT_BUNDLE_IDENTIFIER = pentabit.RandomPhotoUITests;
				PRODUCT_NAME = "$(TARGET_NAME)";
				SWIFT_EMIT_LOC_STRINGS = NO;
				SWIFT_VERSION = 5.0;
				TARGETED_DEVICE_FAMILY = "1,2";
				TEST_TARGET_NAME = RandomPhoto;
			};
			name = Release;
		};
/* End XCBuildConfiguration section */

/* Begin XCConfigurationList section */
		EE0BF1632ABFA16500B3B689 /* Build configuration list for PBXProject "RandomPhoto" */ = {
			isa = XCConfigurationList;
			buildConfigurations = (
				EE0BF1902ABFA16800B3B689 /* Debug */,
				EE0BF1912ABFA16800B3B689 /* Release */,
			);
			defaultConfigurationIsVisible = 0;
			defaultConfigurationName = Release;
		};
		EE0BF1922ABFA16800B3B689 /* Build configuration list for PBXNativeTarget "RandomPhoto" */ = {
			isa = XCConfigurationList;
			buildConfigurations = (
				EE0BF1932ABFA16800B3B689 /* Debug */,
				EE0BF1942ABFA16800B3B689 /* Release */,
			);
			defaultConfigurationIsVisible = 0;
			defaultConfigurationName = Release;
		};
		EE0BF1952ABFA16800B3B689 /* Build configuration list for PBXNativeTarget "RandomPhotoTests" */ = {
			isa = XCConfigurationList;
			buildConfigurations = (
				EE0BF1962ABFA16800B3B689 /* Debug */,
				EE0BF1972ABFA16800B3B689 /* Release */,
			);
			defaultConfigurationIsVisible = 0;
			defaultConfigurationName = Release;
		};
		EE0BF1982ABFA16800B3B689 /* Build configuration list for PBXNativeTarget "RandomPhotoUITests" */ = {
			isa = XCConfigurationList;
			buildConfigurations = (
				EE0BF1992ABFA16800B3B689 /* Debug */,
				EE0BF19A2ABFA16800B3B689 /* Release */,
			);
			defaultConfigurationIsVisible = 0;
			defaultConfigurationName = Release;
		};
/* End XCConfigurationList section */
	};
	rootObject = EE0BF1602ABFA16500B3B689 /* Project object */;
}
